
Microsoft Visual Studio Solution File, Format Version 12.00
# Visual Studio Version 17
VisualStudioVersion = 17.14.36518.9 d17.14
MinimumVisualStudioVersion = 10.0.40219.1
Project("{FAE04EC0-301F-11D3-BF4B-00C04F79EFBC}") = "TodoList.Core", "TodoList.Core\TodoList.Core.csproj", "{66E68162-608B-4790-A512-9FBC074DC5FA}"
EndProject
Project("{FAE04EC0-301F-11D3-BF4B-00C04F79EFBC}") = "TodoList.UseCases", "TodoList.UseCases\TodoList.UseCases.csproj", "{1DD72B0E-805A-415B-AF9F-FB3C7CC92785}"
EndProject
Project("{FAE04EC0-301F-11D3-BF4B-00C04F79EFBC}") = "TodoList.Infrastructure", "TodoList.Infrastructure\TodoList.Infrastructure.csproj", "{ED6D096B-98D7-4538-B693-F961E14B35A3}"
EndProject
Project("{FAE04EC0-301F-11D3-BF4B-00C04F79EFBC}") = "TodoList.Web", "TodoList.Web\TodoList.Web.csproj", "{2DCE941A-09F8-4CE8-B314-625A11C3F869}"
EndProject
Global
	GlobalSection(SolutionConfigurationPlatforms) = preSolution
		Debug|Any CPU = Debug|Any CPU
		Release|Any CPU = Release|Any CPU
	EndGlobalSection
	GlobalSection(ProjectConfigurationPlatforms) = postSolution
		{66E68162-608B-4790-A512-9FBC074DC5FA}.Debug|Any CPU.ActiveCfg = Debug|Any CPU
		{66E68162-608B-4790-A512-9FBC074DC5FA}.Debug|Any CPU.Build.0 = Debug|Any CPU
		{66E68162-608B-4790-A512-9FBC074DC5FA}.Release|Any CPU.ActiveCfg = Release|Any CPU
		{66E68162-608B-4790-A512-9FBC074DC5FA}.Release|Any CPU.Build.0 = Release|Any CPU
		{1DD72B0E-805A-415B-AF9F-FB3C7CC92785}.Debug|Any CPU.ActiveCfg = Debug|Any CPU
		{1DD72B0E-805A-415B-AF9F-FB3C7CC92785}.Debug|Any CPU.Build.0 = Debug|Any CPU
		{1DD72B0E-805A-415B-AF9F-FB3C7CC92785}.Release|Any CPU.ActiveCfg = Release|Any CPU
		{1DD72B0E-805A-415B-AF9F-FB3C7CC92785}.Release|Any CPU.Build.0 = Release|Any CPU
		{ED6D096B-98D7-4538-B693-F961E14B35A3}.Debug|Any CPU.ActiveCfg = Debug|Any CPU
		{ED6D096B-98D7-4538-B693-F961E14B35A3}.Debug|Any CPU.Build.0 = Debug|Any CPU
		{ED6D096B-98D7-4538-B693-F961E14B35A3}.Release|Any CPU.ActiveCfg = Release|Any CPU
		{ED6D096B-98D7-4538-B693-F961E14B35A3}.Release|Any CPU.Build.0 = Release|Any CPU
		{2DCE941A-09F8-4CE8-B314-625A11C3F869}.Debug|Any CPU.ActiveCfg = Debug|Any CPU
		{2DCE941A-09F8-4CE8-B314-625A11C3F869}.Debug|Any CPU.Build.0 = Debug|Any CPU
		{2DCE941A-09F8-4CE8-B314-625A11C3F869}.Release|Any CPU.ActiveCfg = Release|Any CPU
		{2DCE941A-09F8-4CE8-B314-625A11C3F869}.Release|Any CPU.Build.0 = Release|Any CPU
	EndGlobalSection
	GlobalSection(SolutionProperties) = preSolution
		HideSolutionNode = FALSE
	EndGlobalSection
	GlobalSection(ExtensibilityGlobals) = postSolution
		SolutionGuid = {A7D46356-3020-42A8-997F-B2899F4E6430}
	EndGlobalSection
EndGlobal
